
Microsoft Visual Studio Solution File, Format Version 12.00
# Visual Studio Version 17
VisualStudioVersion = 17.10.35122.118
MinimumVisualStudioVersion = 10.0.40219.1
Project("{FAE04EC0-301F-11D3-BF4B-00C04F79EFBC}") = "SistemaAsistencia", "SistemaAsistencia.csproj", "{B0075089-6BF2-4BA8-87B6-3CE4DE791BB5}"
EndProject
Global
	GlobalSection(SolutionConfigurationPlatforms) = preSolution
		Debug|Any CPU = Debug|Any CPU
		Release|Any CPU = Release|Any CPU
	EndGlobalSection
	GlobalSection(ProjectConfigurationPlatforms) = postSolution
		{B0075089-6BF2-4BA8-87B6-3CE4DE791BB5}.Debug|Any CPU.ActiveCfg = Debug|Any CPU
		{B0075089-6BF2-4BA8-87B6-3CE4DE791BB5}.Debug|Any CPU.Build.0 = Debug|Any CPU
		{B0075089-6BF2-4BA8-87B6-3CE4DE791BB5}.Release|Any CPU.ActiveCfg = Release|Any CPU
		{B0075089-6BF2-4BA8-87B6-3CE4DE791BB5}.Release|Any CPU.Build.0 = Release|Any CPU
	EndGlobalSection
	GlobalSection(SolutionProperties) = preSolution
		HideSolutionNode = FALSE
	EndGlobalSection
	GlobalSection(ExtensibilityGlobals) = postSolution
		SolutionGuid = {72BDE779-B916-483C-94A1-20881B4CA9DB}
	EndGlobalSection
EndGlobal
